dependencies:
  espressif/qrcode:
    component_hash: 3b493771bc5d6ad30cbf87c25bf784aada8a08c941504355b55d6b75518ed7bc
    dependencies: []
    source:
      registry_url: https://components.espressif.com/
      type: service
    version: 0.1.0~2
  idf:
    source:
      type: idf
    version: 5.3.1
direct_dependencies:
- espressif/qrcode
- idf
manifest_hash: b57f65f29710ef929fa8ffe27c3958b625aa2030b1b76bf5ebee4bc734792125
target: esp32
version: 2.0.0
